
Microsoft Visual Studio Solution File, Format Version 12.00
# Visual Studio Version 17
VisualStudioVersion = 17.9.34701.34
MinimumVisualStudioVersion = 10.0.40219.1
Project("{9A19103F-16F7-4668-BE54-9A1E7A4F7556}") = "Orders.Backend", "Orders.Backend\Orders.Backend.csproj", "{6A0C21CD-2A99-416A-AA6A-DDB2D2E7DA9C}"
EndProject
Project("{9A19103F-16F7-4668-BE54-9A1E7A4F7556}") = "Orders.Frontend", "Orders.Frontend\Orders.Frontend.csproj", "{F80D95BA-D918-42B1-A927-705D515E6DFD}"
EndProject
Project("{9A19103F-16F7-4668-BE54-9A1E7A4F7556}") = "Orders.Shared", "Orders.Shared\Orders.Shared.csproj", "{B7936E87-F7EC-453B-BAB5-4D958619BAFB}"
EndProject
Project("{9A19103F-16F7-4668-BE54-9A1E7A4F7556}") = "Orders.Tests", "Orders.Tests\Orders.Tests.csproj", "{62782134-758F-49E5-A836-A2E571C35478}"
EndProject
Global
	GlobalSection(SolutionConfigurationPlatforms) = preSolution
		Debug|Any CPU = Debug|Any CPU
		Release|Any CPU = Release|Any CPU
	EndGlobalSection
	GlobalSection(ProjectConfigurationPlatforms) = postSolution
		{6A0C21CD-2A99-416A-AA6A-DDB2D2E7DA9C}.Debug|Any CPU.ActiveCfg = Debug|Any CPU
		{6A0C21CD-2A99-416A-AA6A-DDB2D2E7DA9C}.Debug|Any CPU.Build.0 = Debug|Any CPU
		{6A0C21CD-2A99-416A-AA6A-DDB2D2E7DA9C}.Release|Any CPU.ActiveCfg = Release|Any CPU
		{6A0C21CD-2A99-416A-AA6A-DDB2D2E7DA9C}.Release|Any CPU.Build.0 = Release|Any CPU
		{F80D95BA-D918-42B1-A927-705D515E6DFD}.Debug|Any CPU.ActiveCfg = Debug|Any CPU
		{F80D95BA-D918-42B1-A927-705D515E6DFD}.Debug|Any CPU.Build.0 = Debug|Any CPU
		{F80D95BA-D918-42B1-A927-705D515E6DFD}.Release|Any CPU.ActiveCfg = Release|Any CPU
		{F80D95BA-D918-42B1-A927-705D515E6DFD}.Release|Any CPU.Build.0 = Release|Any CPU
		{B7936E87-F7EC-453B-BAB5-4D958619BAFB}.Debug|Any CPU.ActiveCfg = Debug|Any CPU
		{B7936E87-F7EC-453B-BAB5-4D958619BAFB}.Debug|Any CPU.Build.0 = Debug|Any CPU
		{B7936E87-F7EC-453B-BAB5-4D958619BAFB}.Release|Any CPU.ActiveCfg = Release|Any CPU
		{B7936E87-F7EC-453B-BAB5-4D958619BAFB}.Release|Any CPU.Build.0 = Release|Any CPU
		{62782134-758F-49E5-A836-A2E571C35478}.Debug|Any CPU.ActiveCfg = Debug|Any CPU
		{62782134-758F-49E5-A836-A2E571C35478}.Debug|Any CPU.Build.0 = Debug|Any CPU
		{62782134-758F-49E5-A836-A2E571C35478}.Release|Any CPU.ActiveCfg = Release|Any CPU
		{62782134-758F-49E5-A836-A2E571C35478}.Release|Any CPU.Build.0 = Release|Any CPU
	EndGlobalSection
	GlobalSection(SolutionProperties) = preSolution
		HideSolutionNode = FALSE
	EndGlobalSection
	GlobalSection(ExtensibilityGlobals) = postSolution
		SolutionGuid = {A6678542-5997-463A-B485-FCBF4259A65A}
	EndGlobalSection
EndGlobal
